{
  "name": "fibaro-node-scripts",
  "version": "1.0.0",
  "lockfileVersion": 3,
  "requires": true,
  "packages": {
    "": {
      "name": "fibaro-node-scripts",
      "version": "1.0.0",
      "license": "MIT",
      "bin": {
        "fibaro-config": "scripts/config.js",
        "fibaro-download": "scripts/download.js",
        "fibaro-pack": "scripts/pack.js",
        "fibaro-setup-links": "scripts/setup-links.js",
        "fibaro-unpack": "scripts/unpack.js",
        "fibaro-upload": "scripts/upload.js",
        "fibaro-watch": "scripts/watch.js"
      },
      "engines": {
        "node": ">=14.0.0"
      }
    }
  }
}
